lockfileVersion: '9.0'

settings:
  autoInstallPeers: true
  excludeLinksFromLockfile: false

importers:

  .:
    dependencies:
      immer:
        specifier: ^11.1.4
        version: 11.1.4

packages:

  immer@11.1.4:
    resolution: {integrity: sha512-XREFCPo6ksxVzP4E0ekD5aMdf8WMwmdNaz6vuvxgI40UaEiu6q3p8X52aU6GdyvLY3XXX/8R7JOTXStz/nBbRw==}

snapshots:

  immer@11.1.4: {}
